
Microsoft Visual Studio Solution File, Format Version 12.00
# Visual Studio 2013
VisualStudioVersion = 12.0.31101.0
MinimumVisualStudioVersion = 10.0.40219.1
Project("{8BC9CEB8-8B4A-11D0-8D11-00A0C91BC942}") = "FFGLMosaicMixer", "FFGLMosaicMixer\FFGLMosaicMixer.vcxproj", "{D086531D-AAC2-4588-8F65-C518BFCB3B47}"
EndProject
Project("{8BC9CEB8-8B4A-11D0-8D11-00A0C91BC942}") = "FFGLFlows", "FFGLFlows\FFGLFlows.vcxproj", "{74AE03F6-083C-4146-9251-0DAAF88A799D}"
EndProject
Global
	GlobalSection(SolutionConfigurationPlatforms) = preSolution
		Debug|Win32 = Debug|Win32
		Release|Win32 = Release|Win32
	EndGlobalSection
	GlobalSection(ProjectConfigurationPlatforms) = postSolution
		{D086531D-AAC2-4588-8F65-C518BFCB3B47}.Debug|Win32.ActiveCfg = Debug|Win32
		{D086531D-AAC2-4588-8F65-C518BFCB3B47}.Debug|Win32.Build.0 = Debug|Win32
		{D086531D-AAC2-4588-8F65-C518BFCB3B47}.Release|Win32.ActiveCfg = Release|Win32
		{D086531D-AAC2-4588-8F65-C518BFCB3B47}.Release|Win32.Build.0 = Release|Win32
		{74AE03F6-083C-4146-9251-0DAAF88A799D}.Debug|Win32.ActiveCfg = Debug|Win32
		{74AE03F6-083C-4146-9251-0DAAF88A799D}.Debug|Win32.Build.0 = Debug|Win32
		{74AE03F6-083C-4146-9251-0DAAF88A799D}.Release|Win32.ActiveCfg = Release|Win32
		{74AE03F6-083C-4146-9251-0DAAF88A799D}.Release|Win32.Build.0 = Release|Win32
	EndGlobalSection
	GlobalSection(SolutionProperties) = preSolution
		HideSolutionNode = FALSE
	EndGlobalSection
EndGlobal
