<?xml version="1.0" encoding="utf-8"?>
<Project ToolsVersion="4.0" xmlns="http://schemas.microsoft.com/developer/msbuild/2003">
  <ItemGroup>
    <Filter Include="Source Files">
      <UniqueIdentifier>{4FC737F1-C7A5-4376-A066-2A32D752A2FF}</UniqueIdentifier>
      <Extensions>cpp;c;cc;cxx;def;odl;idl;hpj;bat;asm;asmx</Extensions>
    </Filter>
    <Filter Include="FFGL">
      <UniqueIdentifier>{dde5c722-1491-43bc-b2ae-dbfffa08dbf7}</UniqueIdentifier>
    </Filter>
  </ItemGroup>
  <ItemGroup>
    <ClInclude Include="FFGLMosaicMixer.h">
      <Filter>Source Files</Filter>
    </ClInclude>
    <ClInclude Include="GLQuadNode.h">
      <Filter>Source Files</Filter>
    </ClInclude>
    <ClInclude Include="GLCommons.h">
      <Filter>Source Files</Filter>
    </ClInclude>
    <ClInclude Include="..\FFGL\FFGL.h">
      <Filter>FFGL</Filter>
    </ClInclude>
    <ClInclude Include="..\FFGL\FFGLExtensions.h">
      <Filter>FFGL</Filter>
    </ClInclude>
    <ClInclude Include="..\FFGL\FFGLFBO.h">
      <Filter>FFGL</Filter>
    </ClInclude>
    <ClInclude Include="..\FFGL\FFGLLib.h">
      <Filter>FFGL</Filter>
    </ClInclude>
    <ClInclude Include="..\FFGL\FFGLPluginInfo.h">
      <Filter>FFGL</Filter>
    </ClInclude>
    <ClInclude Include="..\FFGL\FFGLPluginManager.h">
      <Filter>FFGL</Filter>
    </ClInclude>
    <ClInclude Include="..\FFGL\FFGLPluginManager_inl.h">
      <Filter>FFGL</Filter>
    </ClInclude>
    <ClInclude Include="..\FFGL\FFGLPluginSDK.h">
      <Filter>FFGL</Filter>
    </ClInclude>
    <ClInclude Include="..\FFGL\FFGLShader.h">
      <Filter>FFGL</Filter>
    </ClInclude>
    <ClInclude Include="..\FFGL\FreeFrame.h">
      <Filter>FFGL</Filter>
    </ClInclude>
  </ItemGroup>
  <ItemGroup>
    <ClCompile Include="FFGLMosaicMixer.cpp">
      <Filter>Source Files</Filter>
    </ClCompile>
    <ClCompile Include="GLQuadNode.cpp">
      <Filter>Source Files</Filter>
    </ClCompile>
    <ClCompile Include="..\FFGL\FFGL.cpp">
      <Filter>FFGL</Filter>
    </ClCompile>
    <ClCompile Include="..\FFGL\FFGLExtensions.cpp">
      <Filter>FFGL</Filter>
    </ClCompile>
    <ClCompile Include="..\FFGL\FFGLFBO.cpp">
      <Filter>FFGL</Filter>
    </ClCompile>
    <ClCompile Include="..\FFGL\FFGLPluginInfo.cpp">
      <Filter>FFGL</Filter>
    </ClCompile>
    <ClCompile Include="..\FFGL\FFGLPluginInfoData.cpp">
      <Filter>FFGL</Filter>
    </ClCompile>
    <ClCompile Include="..\FFGL\FFGLPluginManager.cpp">
      <Filter>FFGL</Filter>
    </ClCompile>
    <ClCompile Include="..\FFGL\FFGLPluginSDK.cpp">
      <Filter>FFGL</Filter>
    </ClCompile>
    <ClCompile Include="..\FFGL\FFGLShader.cpp">
      <Filter>FFGL</Filter>
    </ClCompile>
  </ItemGroup>
</Project>