<?xml version="1.0" encoding="utf-8"?>
<Project ToolsVersion="4.0" xmlns="http://schemas.microsoft.com/developer/msbuild/2003">
  <ItemGroup>
    <Filter Include="FFGL">
      <UniqueIdentifier>{5f1031c3-c1e5-4bfc-b501-8e0f5d3f0832}</UniqueIdentifier>
    </Filter>
    <Filter Include="src">
      <UniqueIdentifier>{811837c2-5c25-48bd-8df2-46b697572e05}</UniqueIdentifier>
    </Filter>
  </ItemGroup>
  <ItemGroup>
    <ClInclude Include="..\FFGL\FFGL.h">
      <Filter>FFGL</Filter>
    </ClInclude>
    <ClInclude Include="..\FFGL\FFGLExtensions.h">
      <Filter>FFGL</Filter>
    </ClInclude>
    <ClInclude Include="..\FFGL\FFGLFBO.h">
      <Filter>FFGL</Filter>
    </ClInclude>
    <ClInclude Include="..\FFGL\FFGLLib.h">
      <Filter>FFGL</Filter>
    </ClInclude>
    <ClInclude Include="..\FFGL\FFGLPluginInfo.h">
      <Filter>FFGL</Filter>
    </ClInclude>
    <ClInclude Include="..\FFGL\FFGLPluginManager.h">
      <Filter>FFGL</Filter>
    </ClInclude>
    <ClInclude Include="..\FFGL\FFGLPluginManager_inl.h">
      <Filter>FFGL</Filter>
    </ClInclude>
    <ClInclude Include="..\FFGL\FFGLPluginSDK.h">
      <Filter>FFGL</Filter>
    </ClInclude>
    <ClInclude Include="..\FFGL\FFGLShader.h">
      <Filter>FFGL</Filter>
    </ClInclude>
    <ClInclude Include="..\FFGL\FreeFrame.h">
      <Filter>FFGL</Filter>
    </ClInclude>
    <ClInclude Include="src\FFGLFlows.h">
      <Filter>src</Filter>
    </ClInclude>
  </ItemGroup>
  <ItemGroup>
    <ClCompile Include="..\FFGL\FFGL.cpp">
      <Filter>FFGL</Filter>
    </ClCompile>
    <ClCompile Include="..\FFGL\FFGLExtensions.cpp">
      <Filter>FFGL</Filter>
    </ClCompile>
    <ClCompile Include="..\FFGL\FFGLFBO.cpp">
      <Filter>FFGL</Filter>
    </ClCompile>
    <ClCompile Include="..\FFGL\FFGLPluginInfo.cpp">
      <Filter>FFGL</Filter>
    </ClCompile>
    <ClCompile Include="..\FFGL\FFGLPluginInfoData.cpp">
      <Filter>FFGL</Filter>
    </ClCompile>
    <ClCompile Include="..\FFGL\FFGLPluginManager.cpp">
      <Filter>FFGL</Filter>
    </ClCompile>
    <ClCompile Include="..\FFGL\FFGLPluginSDK.cpp">
      <Filter>FFGL</Filter>
    </ClCompile>
    <ClCompile Include="..\FFGL\FFGLShader.cpp">
      <Filter>FFGL</Filter>
    </ClCompile>
    <ClCompile Include="src\FFGLFlows.cpp">
      <Filter>src</Filter>
    </ClCompile>
  </ItemGroup>
  <ItemGroup>
    <None Include="ClassDiagram.cd" />
  </ItemGroup>
</Project>