<?xml version="1.0" encoding="utf-8"?>
<Project ToolsVersion="4.0" xmlns="http://schemas.microsoft.com/developer/msbuild/2003">
  <ItemGroup>
    <Filter Include="FFGL Headers">
      <UniqueIdentifier>{9c8ad28a-70cd-417d-b3f8-2cb8a43e9c1d}</UniqueIdentifier>
    </Filter>
    <Filter Include="FFGL Sources">
      <UniqueIdentifier>{473187d1-ef21-45c3-a989-13b00c0298c3}</UniqueIdentifier>
    </Filter>
    <Filter Include="Source Files">
      <UniqueIdentifier>{811837c2-5c25-48bd-8df2-46b697572e05}</UniqueIdentifier>
    </Filter>
  </ItemGroup>
  <ItemGroup>
    <ClInclude Include="..\FFGL Lib\FFGL.h">
      <Filter>FFGL Headers</Filter>
    </ClInclude>
    <ClInclude Include="..\FFGL Lib\FFGLExtensions.h">
      <Filter>FFGL Headers</Filter>
    </ClInclude>
    <ClInclude Include="..\FFGL Lib\FFGLFBO.h">
      <Filter>FFGL Headers</Filter>
    </ClInclude>
    <ClInclude Include="..\FFGL Lib\FFGLLib.h">
      <Filter>FFGL Headers</Filter>
    </ClInclude>
    <ClInclude Include="..\FFGL Lib\FFGLPluginInfo.h">
      <Filter>FFGL Headers</Filter>
    </ClInclude>
    <ClInclude Include="..\FFGL Lib\FFGLPluginManager.h">
      <Filter>FFGL Headers</Filter>
    </ClInclude>
    <ClInclude Include="..\FFGL Lib\FFGLPluginManager_inl.h">
      <Filter>FFGL Headers</Filter>
    </ClInclude>
    <ClInclude Include="..\FFGL Lib\FFGLPluginSDK.h">
      <Filter>FFGL Headers</Filter>
    </ClInclude>
    <ClInclude Include="..\FFGL Lib\FFGLShader.h">
      <Filter>FFGL Headers</Filter>
    </ClInclude>
    <ClInclude Include="..\FFGL Lib\FreeFrame.h">
      <Filter>FFGL Headers</Filter>
    </ClInclude>
    <ClInclude Include="FFGLFlows.h">
      <Filter>Source Files</Filter>
    </ClInclude>
  </ItemGroup>
  <ItemGroup>
    <ClCompile Include="..\FFGL Lib\FFGL.cpp">
      <Filter>FFGL Sources</Filter>
    </ClCompile>
    <ClCompile Include="..\FFGL Lib\FFGLExtensions.cpp">
      <Filter>FFGL Sources</Filter>
    </ClCompile>
    <ClCompile Include="..\FFGL Lib\FFGLFBO.cpp">
      <Filter>FFGL Sources</Filter>
    </ClCompile>
    <ClCompile Include="..\FFGL Lib\FFGLPluginInfo.cpp">
      <Filter>FFGL Sources</Filter>
    </ClCompile>
    <ClCompile Include="..\FFGL Lib\FFGLPluginInfoData.cpp">
      <Filter>FFGL Sources</Filter>
    </ClCompile>
    <ClCompile Include="..\FFGL Lib\FFGLPluginManager.cpp">
      <Filter>FFGL Sources</Filter>
    </ClCompile>
    <ClCompile Include="..\FFGL Lib\FFGLPluginSDK.cpp">
      <Filter>FFGL Sources</Filter>
    </ClCompile>
    <ClCompile Include="..\FFGL Lib\FFGLShader.cpp">
      <Filter>FFGL Sources</Filter>
    </ClCompile>
    <ClCompile Include="FFGLFlows.cpp">
      <Filter>Source Files</Filter>
    </ClCompile>
  </ItemGroup>
</Project>